
Microsoft Visual Studio Solution File, Format Version 12.00
# Visual Studio Version 16
VisualStudioVersion = 16.0.29025.244
MinimumVisualStudioVersion = 10.0.40219.1
Project("{8BC9CEB8-8B4A-11D0-8D11-00A0C91BC942}") = "ConsoleApplication1", "ConsoleApplication1.vcxproj", "{38129423-EAD7-4550-9F10-9B32B5C82847}"
EndProject
Global
	GlobalSection(SolutionConfigurationPlatforms) = preSolution
		Debug|x64 = Debug|x64
		Debug|x86 = Debug|x86
		Release|x64 = Release|x64
		Release|x86 = Release|x86
	EndGlobalSection
	GlobalSection(ProjectConfigurationPlatforms) = postSolution
		{38129423-EAD7-4550-9F10-9B32B5C82847}.Debug|x64.ActiveCfg = Debug|x64
		{38129423-EAD7-4550-9F10-9B32B5C82847}.Debug|x64.Build.0 = Debug|x64
		{38129423-EAD7-4550-9F10-9B32B5C82847}.Debug|x86.ActiveCfg = Debug|Win32
		{38129423-EAD7-4550-9F10-9B32B5C82847}.Debug|x86.Build.0 = Debug|Win32
		{38129423-EAD7-4550-9F10-9B32B5C82847}.Release|x64.ActiveCfg = Release|x64
		{38129423-EAD7-4550-9F10-9B32B5C82847}.Release|x64.Build.0 = Release|x64
		{38129423-EAD7-4550-9F10-9B32B5C82847}.Release|x86.ActiveCfg = Release|Win32
		{38129423-EAD7-4550-9F10-9B32B5C82847}.Release|x86.Build.0 = Release|Win32
	EndGlobalSection
	GlobalSection(SolutionProperties) = preSolution
		HideSolutionNode = FALSE
	EndGlobalSection
	GlobalSection(ExtensibilityGlobals) = postSolution
		SolutionGuid = {A35E3D37-5ADE-47F5-B7FD-381438253B57}
	EndGlobalSection
EndGlobal
